// !$*UTF8*$!
{
	archiveVersion = 1;
	classes = {
	};
	objectVersion = 50;
	objects = {

/* Begin PBXBuildFile section */
		E543F7B2250EC638001525B9 /* CLCard.swift in Sources */ = {isa = PBXBuildFile; fileRef = E543F7B1250EC638001525B9 /* CLCard.swift */; };
		E567E14A250D905B00FB1A42 /* BuildConfiguration.swift in Sources */ = {isa = PBXBuildFile; fileRef = E567E149250D905B00FB1A42 /* BuildConfiguration.swift */; };
		E567E14C250D93B300FB1A42 /* LoggerProtocol.swift in Sources */ = {isa = PBXBuildFile; fileRef = E567E14B250D93B300FB1A42 /* LoggerProtocol.swift */; };
		E567E14E250D94EF00FB1A42 /* Logger.swift in Sources */ = {isa = PBXBuildFile; fileRef = E567E14D250D94EF00FB1A42 /* Logger.swift */; };
		E567E152250DA5B500FB1A42 /* NetworkingAPODApi.swift in Sources */ = {isa = PBXBuildFile; fileRef = E567E151250DA5B500FB1A42 /* NetworkingAPODApi.swift */; };
		E567E154250DA5CD00FB1A42 /* NetworkingAPODAdapter.swift in Sources */ = {isa = PBXBuildFile; fileRef = E567E153250DA5CD00FB1A42 /* NetworkingAPODAdapter.swift */; };
		E567E156250DA5F300FB1A42 /* NetworkingAPODProtocols.swift in Sources */ = {isa = PBXBuildFile; fileRef = E567E155250DA5F300FB1A42 /* NetworkingAPODProtocols.swift */; };
		E567E159250DACD400FB1A42 /* EntityAPOD.swift in Sources */ = {isa = PBXBuildFile; fileRef = E567E158250DACD400FB1A42 /* EntityAPOD.swift */; };
		E567E15C250DAF3E00FB1A42 /* EntityMediaType.swift in Sources */ = {isa = PBXBuildFile; fileRef = E567E15B250DAF3E00FB1A42 /* EntityMediaType.swift */; };
		E567E171250DB34100FB1A42 /* Metropolis-Regular.otf in Resources */ = {isa = PBXBuildFile; fileRef = E567E15F250DB34100FB1A42 /* Metropolis-Regular.otf */; };
		E567E172250DB34100FB1A42 /* Metropolis-Medium.otf in Resources */ = {isa = PBXBuildFile; fileRef = E567E160250DB34100FB1A42 /* Metropolis-Medium.otf */; };
		E567E173250DB34100FB1A42 /* Metropolis-ExtraLightItalic.otf in Resources */ = {isa = PBXBuildFile; fileRef = E567E161250DB34100FB1A42 /* Metropolis-ExtraLightItalic.otf */; };
		E567E174250DB34100FB1A42 /* Metropolis-LightItalic.otf in Resources */ = {isa = PBXBuildFile; fileRef = E567E162250DB34100FB1A42 /* Metropolis-LightItalic.otf */; };
		E567E175250DB34100FB1A42 /* Metropolis-SemiBoldItalic.otf in Resources */ = {isa = PBXBuildFile; fileRef = E567E163250DB34100FB1A42 /* Metropolis-SemiBoldItalic.otf */; };
		E567E176250DB34100FB1A42 /* Metropolis-MediumItalic.otf in Resources */ = {isa = PBXBuildFile; fileRef = E567E164250DB34100FB1A42 /* Metropolis-MediumItalic.otf */; };
		E567E177250DB34100FB1A42 /* Metropolis-SemiBold.otf in Resources */ = {isa = PBXBuildFile; fileRef = E567E165250DB34100FB1A42 /* Metropolis-SemiBold.otf */; };
		E567E178250DB34100FB1A42 /* Metropolis-Black.otf in Resources */ = {isa = PBXBuildFile; fileRef = E567E166250DB34100FB1A42 /* Metropolis-Black.otf */; };
		E567E179250DB34100FB1A42 /* Metropolis-Bold.otf in Resources */ = {isa = PBXBuildFile; fileRef = E567E167250DB34100FB1A42 /* Metropolis-Bold.otf */; };
		E567E17A250DB34100FB1A42 /* Metropolis-RegularItalic.otf in Resources */ = {isa = PBXBuildFile; fileRef = E567E168250DB34100FB1A42 /* Metropolis-RegularItalic.otf */; };
		E567E17B250DB34100FB1A42 /* Metropolis-Thin.otf in Resources */ = {isa = PBXBuildFile; fileRef = E567E169250DB34100FB1A42 /* Metropolis-Thin.otf */; };
		E567E17C250DB34100FB1A42 /* Metropolis-BoldItalic.otf in Resources */ = {isa = PBXBuildFile; fileRef = E567E16A250DB34100FB1A42 /* Metropolis-BoldItalic.otf */; };
		E567E17D250DB34100FB1A42 /* Metropolis-ExtraLight.otf in Resources */ = {isa = PBXBuildFile; fileRef = E567E16B250DB34100FB1A42 /* Metropolis-ExtraLight.otf */; };
		E567E17E250DB34100FB1A42 /* Metropolis-ExtraBold.otf in Resources */ = {isa = PBXBuildFile; fileRef = E567E16C250DB34100FB1A42 /* Metropolis-ExtraBold.otf */; };
		E567E17F250DB34100FB1A42 /* Metropolis-ThinItalic.otf in Resources */ = {isa = PBXBuildFile; fileRef = E567E16D250DB34100FB1A42 /* Metropolis-ThinItalic.otf */; };
		E567E180250DB34100FB1A42 /* Metropolis-ExtraBoldItalic.otf in Resources */ = {isa = PBXBuildFile; fileRef = E567E16E250DB34100FB1A42 /* Metropolis-ExtraBoldItalic.otf */; };
		E567E181250DB34100FB1A42 /* Metropolis-Light.otf in Resources */ = {isa = PBXBuildFile; fileRef = E567E16F250DB34100FB1A42 /* Metropolis-Light.otf */; };
		E567E182250DB34100FB1A42 /* Metropolis-BlackItalic.otf in Resources */ = {isa = PBXBuildFile; fileRef = E567E170250DB34100FB1A42 /* Metropolis-BlackItalic.otf */; };
		E567E184250DB37400FB1A42 /* FontFactory.swift in Sources */ = {isa = PBXBuildFile; fileRef = E567E183250DB37400FB1A42 /* FontFactory.swift */; };
		E567E18F250DBB8200FB1A42 /* APODProtocols.swift in Sources */ = {isa = PBXBuildFile; fileRef = E567E18E250DBB8200FB1A42 /* APODProtocols.swift */; };
		E567E191250DBC7800FB1A42 /* APODInteractor.swift in Sources */ = {isa = PBXBuildFile; fileRef = E567E190250DBC7800FB1A42 /* APODInteractor.swift */; };
		E567E193250DBC9800FB1A42 /* APODPresenter.swift in Sources */ = {isa = PBXBuildFile; fileRef = E567E192250DBC9800FB1A42 /* APODPresenter.swift */; };
		E567E195250DBCE600FB1A42 /* APODRouter.swift in Sources */ = {isa = PBXBuildFile; fileRef = E567E194250DBCE600FB1A42 /* APODRouter.swift */; };
		E567E197250DBD7800FB1A42 /* APODViewController.swift in Sources */ = {isa = PBXBuildFile; fileRef = E567E196250DBD7800FB1A42 /* APODViewController.swift */; };
		E567E199250DC09E00FB1A42 /* APODContentView.swift in Sources */ = {isa = PBXBuildFile; fileRef = E567E198250DC09E00FB1A42 /* APODContentView.swift */; };
		E567E19C250DD52B00FB1A42 /* Theme.swift in Sources */ = {isa = PBXBuildFile; fileRef = E567E19B250DD52B00FB1A42 /* Theme.swift */; };
		E5C6F412250EEB3E000EC6D2 /* CLForm.swift in Sources */ = {isa = PBXBuildFile; fileRef = E5C6F411250EEB3E000EC6D2 /* CLForm.swift */; };
		E5DE780D250D6FB300E9CC36 /* AppDelegate.swift in Sources */ = {isa = PBXBuildFile; fileRef = E5DE780C250D6FB300E9CC36 /* AppDelegate.swift */; };
		E5DE780F250D6FB300E9CC36 /* SceneDelegate.swift in Sources */ = {isa = PBXBuildFile; fileRef = E5DE780E250D6FB300E9CC36 /* SceneDelegate.swift */; };
		E5DE7816250D6FB700E9CC36 /* Assets.xcassets in Resources */ = {isa = PBXBuildFile; fileRef = E5DE7815250D6FB700E9CC36 /* Assets.xcassets */; };
		E5DE7819250D6FB700E9CC36 /* LaunchScreen.storyboard in Resources */ = {isa = PBXBuildFile; fileRef = E5DE7817250D6FB700E9CC36 /* LaunchScreen.storyboard */; };
		E5DE7824250D6FB700E9CC36 /* Nasa_APITests.swift in Sources */ = {isa = PBXBuildFile; fileRef = E5DE7823250D6FB700E9CC36 /* Nasa_APITests.swift */; };
		E5DE7831250D70C700E9CC36 /* ErrorNetwoking.swift in Sources */ = {isa = PBXBuildFile; fileRef = E5DE7830250D70C700E9CC36 /* ErrorNetwoking.swift */; };
		E5DE7834250D70FA00E9CC36 /* EndPointType.swift in Sources */ = {isa = PBXBuildFile; fileRef = E5DE7833250D70FA00E9CC36 /* EndPointType.swift */; };
		E5DE7836250D711200E9CC36 /* HTTPMethod.swift in Sources */ = {isa = PBXBuildFile; fileRef = E5DE7835250D711200E9CC36 /* HTTPMethod.swift */; };
		E5DE7838250D712E00E9CC36 /* NetworkingRouter.swift in Sources */ = {isa = PBXBuildFile; fileRef = E5DE7837250D712E00E9CC36 /* NetworkingRouter.swift */; };
		E5DE783B250D715700E9CC36 /* NetworkingLogger.swift in Sources */ = {isa = PBXBuildFile; fileRef = E5DE783A250D715700E9CC36 /* NetworkingLogger.swift */; };
		E5DE783E250D71B000E9CC36 /* DefaultNetworkManager.swift in Sources */ = {isa = PBXBuildFile; fileRef = E5DE783D250D71B000E9CC36 /* DefaultNetworkManager.swift */; };
/* End PBXBuildFile section */

/* Begin PBXContainerItemProxy section */
		E5DE7820250D6FB700E9CC36 /* PBXContainerItemProxy */ = {
			isa = PBXContainerItemProxy;
			containerPortal = E5DE7801250D6FB300E9CC36 /* Project object */;
			proxyType = 1;
			remoteGlobalIDString = E5DE7808250D6FB300E9CC36;
			remoteInfo = "Nasa API";
		};
/* End PBXContainerItemProxy section */

/* Begin PBXFileReference section */
		E543F7B1250EC638001525B9 /* CLCard.swift */ = {isa = PBXFileReference; lastKnownFileType = sourcecode.swift; path = CLCard.swift; sourceTree = "<group>"; };
		E567E146250D8F5E00FB1A42 /* Development.xcconfig */ = {isa = PBXFileReference; lastKnownFileType = text.xcconfig; path = Development.xcconfig; sourceTree = "<group>"; };
		E567E147250D8F7200FB1A42 /* Staging.xcconfig */ = {isa = PBXFileReference; lastKnownFileType = text.xcconfig; path = Staging.xcconfig; sourceTree = "<group>"; };
		E567E148250D8F8100FB1A42 /* Production.xcconfig */ = {isa = PBXFileReference; lastKnownFileType = text.xcconfig; path = Production.xcconfig; sourceTree = "<group>"; };
		E567E149250D905B00FB1A42 /* BuildConfiguration.swift */ = {isa = PBXFileReference; lastKnownFileType = sourcecode.swift; path = BuildConfiguration.swift; sourceTree = "<group>"; };
		E567E14B250D93B300FB1A42 /* LoggerProtocol.swift */ = {isa = PBXFileReference; lastKnownFileType = sourcecode.swift; path = LoggerProtocol.swift; sourceTree = "<group>"; };
		E567E14D250D94EF00FB1A42 /* Logger.swift */ = {isa = PBXFileReference; lastKnownFileType = sourcecode.swift; path = Logger.swift; sourceTree = "<group>"; };
		E567E151250DA5B500FB1A42 /* NetworkingAPODApi.swift */ = {isa = PBXFileReference; lastKnownFileType = sourcecode.swift; path = NetworkingAPODApi.swift; sourceTree = "<group>"; };
		E567E153250DA5CD00FB1A42 /* NetworkingAPODAdapter.swift */ = {isa = PBXFileReference; lastKnownFileType = sourcecode.swift; path = NetworkingAPODAdapter.swift; sourceTree = "<group>"; };
		E567E155250DA5F300FB1A42 /* NetworkingAPODProtocols.swift */ = {isa = PBXFileReference; lastKnownFileType = sourcecode.swift; path = NetworkingAPODProtocols.swift; sourceTree = "<group>"; };
		E567E158250DACD400FB1A42 /* EntityAPOD.swift */ = {isa = PBXFileReference; lastKnownFileType = sourcecode.swift; path = EntityAPOD.swift; sourceTree = "<group>"; };
		E567E15B250DAF3E00FB1A42 /* EntityMediaType.swift */ = {isa = PBXFileReference; lastKnownFileType = sourcecode.swift; path = EntityMediaType.swift; sourceTree = "<group>"; };
		E567E15F250DB34100FB1A42 /* Metropolis-Regular.otf */ = {isa = PBXFileReference; lastKnownFileType = file; path = "Metropolis-Regular.otf"; sourceTree = "<group>"; };
		E567E160250DB34100FB1A42 /* Metropolis-Medium.otf */ = {isa = PBXFileReference; lastKnownFileType = file; path = "Metropolis-Medium.otf"; sourceTree = "<group>"; };
		E567E161250DB34100FB1A42 /* Metropolis-ExtraLightItalic.otf */ = {isa = PBXFileReference; lastKnownFileType = file; path = "Metropolis-ExtraLightItalic.otf"; sourceTree = "<group>"; };
		E567E162250DB34100FB1A42 /* Metropolis-LightItalic.otf */ = {isa = PBXFileReference; lastKnownFileType = file; path = "Metropolis-LightItalic.otf"; sourceTree = "<group>"; };
		E567E163250DB34100FB1A42 /* Metropolis-SemiBoldItalic.otf */ = {isa = PBXFileReference; lastKnownFileType = file; path = "Metropolis-SemiBoldItalic.otf"; sourceTree = "<group>"; };
		E567E164250DB34100FB1A42 /* Metropolis-MediumItalic.otf */ = {isa = PBXFileReference; lastKnownFileType = file; path = "Metropolis-MediumItalic.otf"; sourceTree = "<group>"; };
		E567E165250DB34100FB1A42 /* Metropolis-SemiBold.otf */ = {isa = PBXFileReference; lastKnownFileType = file; path = "Metropolis-SemiBold.otf"; sourceTree = "<group>"; };
		E567E166250DB34100FB1A42 /* Metropolis-Black.otf */ = {isa = PBXFileReference; lastKnownFileType = file; path = "Metropolis-Black.otf"; sourceTree = "<group>"; };
		E567E167250DB34100FB1A42 /* Metropolis-Bold.otf */ = {isa = PBXFileReference; lastKnownFileType = file; path = "Metropolis-Bold.otf"; sourceTree = "<group>"; };
		E567E168250DB34100FB1A42 /* Metropolis-RegularItalic.otf */ = {isa = PBXFileReference; lastKnownFileType = file; path = "Metropolis-RegularItalic.otf"; sourceTree = "<group>"; };
		E567E169250DB34100FB1A42 /* Metropolis-Thin.otf */ = {isa = PBXFileReference; lastKnownFileType = file; path = "Metropolis-Thin.otf"; sourceTree = "<group>"; };
		E567E16A250DB34100FB1A42 /* Metropolis-BoldItalic.otf */ = {isa = PBXFileReference; lastKnownFileType = file; path = "Metropolis-BoldItalic.otf"; sourceTree = "<group>"; };
		E567E16B250DB34100FB1A42 /* Metropolis-ExtraLight.otf */ = {isa = PBXFileReference; lastKnownFileType = file; path = "Metropolis-ExtraLight.otf"; sourceTree = "<group>"; };
		E567E16C250DB34100FB1A42 /* Metropolis-ExtraBold.otf */ = {isa = PBXFileReference; lastKnownFileType = file; path = "Metropolis-ExtraBold.otf"; sourceTree = "<group>"; };
		E567E16D250DB34100FB1A42 /* Metropolis-ThinItalic.otf */ = {isa = PBXFileReference; lastKnownFileType = file; path = "Metropolis-ThinItalic.otf"; sourceTree = "<group>"; };
		E567E16E250DB34100FB1A42 /* Metropolis-ExtraBoldItalic.otf */ = {isa = PBXFileReference; lastKnownFileType = file; path = "Metropolis-ExtraBoldItalic.otf"; sourceTree = "<group>"; };
		E567E16F250DB34100FB1A42 /* Metropolis-Light.otf */ = {isa = PBXFileReference; lastKnownFileType = file; path = "Metropolis-Light.otf"; sourceTree = "<group>"; };
		E567E170250DB34100FB1A42 /* Metropolis-BlackItalic.otf */ = {isa = PBXFileReference; lastKnownFileType = file; path = "Metropolis-BlackItalic.otf"; sourceTree = "<group>"; };
		E567E183250DB37400FB1A42 /* FontFactory.swift */ = {isa = PBXFileReference; lastKnownFileType = sourcecode.swift; path = FontFactory.swift; sourceTree = "<group>"; };
		E567E18E250DBB8200FB1A42 /* APODProtocols.swift */ = {isa = PBXFileReference; lastKnownFileType = sourcecode.swift; path = APODProtocols.swift; sourceTree = "<group>"; };
		E567E190250DBC7800FB1A42 /* APODInteractor.swift */ = {isa = PBXFileReference; lastKnownFileType = sourcecode.swift; path = APODInteractor.swift; sourceTree = "<group>"; };
		E567E192250DBC9800FB1A42 /* APODPresenter.swift */ = {isa = PBXFileReference; lastKnownFileType = sourcecode.swift; path = APODPresenter.swift; sourceTree = "<group>"; };
		E567E194250DBCE600FB1A42 /* APODRouter.swift */ = {isa = PBXFileReference; lastKnownFileType = sourcecode.swift; path = APODRouter.swift; sourceTree = "<group>"; };
		E567E196250DBD7800FB1A42 /* APODViewController.swift */ = {isa = PBXFileReference; lastKnownFileType = sourcecode.swift; path = APODViewController.swift; sourceTree = "<group>"; };
		E567E198250DC09E00FB1A42 /* APODContentView.swift */ = {isa = PBXFileReference; lastKnownFileType = sourcecode.swift; path = APODContentView.swift; sourceTree = "<group>"; };
		E567E19B250DD52B00FB1A42 /* Theme.swift */ = {isa = PBXFileReference; lastKnownFileType = sourcecode.swift; path = Theme.swift; sourceTree = "<group>"; };
		E5C6F411250EEB3E000EC6D2 /* CLForm.swift */ = {isa = PBXFileReference; lastKnownFileType = sourcecode.swift; path = CLForm.swift; sourceTree = "<group>"; };
		E5DE7809250D6FB300E9CC36 /* Nasa API Dev.app */ = {isa = PBXFileReference; explicitFileType = wrapper.application; includeInIndex = 0; path = "Nasa API Dev.app"; sourceTree = BUILT_PRODUCTS_DIR; };
		E5DE780C250D6FB300E9CC36 /* AppDelegate.swift */ = {isa = PBXFileReference; lastKnownFileType = sourcecode.swift; path = AppDelegate.swift; sourceTree = "<group>"; };
		E5DE780E250D6FB300E9CC36 /* SceneDelegate.swift */ = {isa = PBXFileReference; lastKnownFileType = sourcecode.swift; path = SceneDelegate.swift; sourceTree = "<group>"; };
		E5DE7815250D6FB700E9CC36 /* Assets.xcassets */ = {isa = PBXFileReference; lastKnownFileType = folder.assetcatalog; path = Assets.xcassets; sourceTree = "<group>"; };
		E5DE7818250D6FB700E9CC36 /* Base */ = {isa = PBXFileReference; lastKnownFileType = file.storyboard; name = Base; path = Base.lproj/LaunchScreen.storyboard; sourceTree = "<group>"; };
		E5DE781A250D6FB700E9CC36 /* Info.plist */ = {isa = PBXFileReference; lastKnownFileType = text.plist.xml; path = Info.plist; sourceTree = "<group>"; };
		E5DE781F250D6FB700E9CC36 /* Nasa APITests.xctest */ = {isa = PBXFileReference; explicitFileType = wrapper.cfbundle; includeInIndex = 0; path = "Nasa APITests.xctest"; sourceTree = BUILT_PRODUCTS_DIR; };
		E5DE7823250D6FB700E9CC36 /* Nasa_APITests.swift */ = {isa = PBXFileReference; lastKnownFileType = sourcecode.swift; path = Nasa_APITests.swift; sourceTree = "<group>"; };
		E5DE7825250D6FB700E9CC36 /* Info.plist */ = {isa = PBXFileReference; lastKnownFileType = text.plist.xml; path = Info.plist; sourceTree = "<group>"; };
		E5DE7830250D70C700E9CC36 /* ErrorNetwoking.swift */ = {isa = PBXFileReference; lastKnownFileType = sourcecode.swift; path = ErrorNetwoking.swift; sourceTree = "<group>"; };
		E5DE7833250D70FA00E9CC36 /* EndPointType.swift */ = {isa = PBXFileReference; lastKnownFileType = sourcecode.swift; path = EndPointType.swift; sourceTree = "<group>"; };
		E5DE7835250D711200E9CC36 /* HTTPMethod.swift */ = {isa = PBXFileReference; lastKnownFileType = sourcecode.swift; path = HTTPMethod.swift; sourceTree = "<group>"; };
		E5DE7837250D712E00E9CC36 /* NetworkingRouter.swift */ = {isa = PBXFileReference; lastKnownFileType = sourcecode.swift; path = NetworkingRouter.swift; sourceTree = "<group>"; };
		E5DE783A250D715700E9CC36 /* NetworkingLogger.swift */ = {isa = PBXFileReference; lastKnownFileType = sourcecode.swift; path = NetworkingLogger.swift; sourceTree = "<group>"; };
		E5DE783D250D71B000E9CC36 /* DefaultNetworkManager.swift */ = {isa = PBXFileReference; lastKnownFileType = sourcecode.swift; path = DefaultNetworkManager.swift; sourceTree = "<group>"; };
/* End PBXFileReference section */

/* Begin PBXFrameworksBuildPhase section */
		E5DE7806250D6FB300E9CC36 /* Frameworks */ = {
			isa = PBXFrameworksBuildPhase;
			buildActionMask = 2147483647;
			files = (
			);
			runOnlyForDeploymentPostprocessing = 0;
		};
		E5DE781C250D6FB700E9CC36 /* Frameworks */ = {
			isa = PBXFrameworksBuildPhase;
			buildActionMask = 2147483647;
			files = (
			);
			runOnlyForDeploymentPostprocessing = 0;
		};
/* End PBXFrameworksBuildPhase section */

/* Begin PBXGroup section */
		E543F7B0250EC61D001525B9 /* Cards */ = {
			isa = PBXGroup;
			children = (
				E543F7B1250EC638001525B9 /* CLCard.swift */,
				E5C6F411250EEB3E000EC6D2 /* CLForm.swift */,
			);
			path = Cards;
			sourceTree = "<group>";
		};
		E567E145250D8C7D00FB1A42 /* EnvironmentConfig */ = {
			isa = PBXGroup;
			children = (
				E567E146250D8F5E00FB1A42 /* Development.xcconfig */,
				E567E147250D8F7200FB1A42 /* Staging.xcconfig */,
				E567E148250D8F8100FB1A42 /* Production.xcconfig */,
				E567E149250D905B00FB1A42 /* BuildConfiguration.swift */,
			);
			path = EnvironmentConfig;
			sourceTree = "<group>";
		};
		E567E14F250DA56E00FB1A42 /* BrowseAPIs */ = {
			isa = PBXGroup;
			children = (
				E567E150250DA58000FB1A42 /* APOD */,
			);
			path = BrowseAPIs;
			sourceTree = "<group>";
		};
		E567E150250DA58000FB1A42 /* APOD */ = {
			isa = PBXGroup;
			children = (
				E567E151250DA5B500FB1A42 /* NetworkingAPODApi.swift */,
				E567E153250DA5CD00FB1A42 /* NetworkingAPODAdapter.swift */,
				E567E155250DA5F300FB1A42 /* NetworkingAPODProtocols.swift */,
			);
			path = APOD;
			sourceTree = "<group>";
		};
		E567E157250DA60100FB1A42 /* Domains */ = {
			isa = PBXGroup;
			children = (
				E567E15A250DAF2600FB1A42 /* Enums */,
				E567E158250DACD400FB1A42 /* EntityAPOD.swift */,
			);
			path = Domains;
			sourceTree = "<group>";
		};
		E567E15A250DAF2600FB1A42 /* Enums */ = {
			isa = PBXGroup;
			children = (
				E567E15B250DAF3E00FB1A42 /* EntityMediaType.swift */,
			);
			path = Enums;
			sourceTree = "<group>";
		};
		E567E15D250DB2CC00FB1A42 /* Assets */ = {
			isa = PBXGroup;
			children = (
				E567E19A250DCDCA00FB1A42 /* Theme */,
				E567E15E250DB2EA00FB1A42 /* Metropolis Font */,
				E567E183250DB37400FB1A42 /* FontFactory.swift */,
			);
			path = Assets;
			sourceTree = "<group>";
		};
		E567E15E250DB2EA00FB1A42 /* Metropolis Font */ = {
			isa = PBXGroup;
			children = (
				E567E166250DB34100FB1A42 /* Metropolis-Black.otf */,
				E567E170250DB34100FB1A42 /* Metropolis-BlackItalic.otf */,
				E567E167250DB34100FB1A42 /* Metropolis-Bold.otf */,
				E567E16A250DB34100FB1A42 /* Metropolis-BoldItalic.otf */,
				E567E16C250DB34100FB1A42 /* Metropolis-ExtraBold.otf */,
				E567E16E250DB34100FB1A42 /* Metropolis-ExtraBoldItalic.otf */,
				E567E16B250DB34100FB1A42 /* Metropolis-ExtraLight.otf */,
				E567E161250DB34100FB1A42 /* Metropolis-ExtraLightItalic.otf */,
				E567E16F250DB34100FB1A42 /* Metropolis-Light.otf */,
				E567E162250DB34100FB1A42 /* Metropolis-LightItalic.otf */,
				E567E160250DB34100FB1A42 /* Metropolis-Medium.otf */,
				E567E164250DB34100FB1A42 /* Metropolis-MediumItalic.otf */,
				E567E15F250DB34100FB1A42 /* Metropolis-Regular.otf */,
				E567E168250DB34100FB1A42 /* Metropolis-RegularItalic.otf */,
				E567E165250DB34100FB1A42 /* Metropolis-SemiBold.otf */,
				E567E163250DB34100FB1A42 /* Metropolis-SemiBoldItalic.otf */,
				E567E169250DB34100FB1A42 /* Metropolis-Thin.otf */,
				E567E16D250DB34100FB1A42 /* Metropolis-ThinItalic.otf */,
			);
			path = "Metropolis Font";
			sourceTree = "<group>";
		};
		E567E185250DBA7B00FB1A42 /* Modules */ = {
			isa = PBXGroup;
			children = (
				E567E186250DBAB200FB1A42 /* APODModule */,
			);
			path = Modules;
			sourceTree = "<group>";
		};
		E567E186250DBAB200FB1A42 /* APODModule */ = {
			isa = PBXGroup;
			children = (
				E567E188250DBAF400FB1A42 /* Interactor */,
				E567E189250DBAFC00FB1A42 /* Presenter */,
				E567E18A250DBB0400FB1A42 /* Protocols */,
				E567E18B250DBB1000FB1A42 /* Router */,
				E567E18C250DBB1700FB1A42 /* View */,
			);
			path = APODModule;
			sourceTree = "<group>";
		};
		E567E188250DBAF400FB1A42 /* Interactor */ = {
			isa = PBXGroup;
			children = (
				E567E190250DBC7800FB1A42 /* APODInteractor.swift */,
			);
			path = Interactor;
			sourceTree = "<group>";
		};
		E567E189250DBAFC00FB1A42 /* Presenter */ = {
			isa = PBXGroup;
			children = (
				E567E192250DBC9800FB1A42 /* APODPresenter.swift */,
			);
			path = Presenter;
			sourceTree = "<group>";
		};
		E567E18A250DBB0400FB1A42 /* Protocols */ = {
			isa = PBXGroup;
			children = (
				E567E18E250DBB8200FB1A42 /* APODProtocols.swift */,
			);
			path = Protocols;
			sourceTree = "<group>";
		};
		E567E18B250DBB1000FB1A42 /* Router */ = {
			isa = PBXGroup;
			children = (
				E567E194250DBCE600FB1A42 /* APODRouter.swift */,
			);
			path = Router;
			sourceTree = "<group>";
		};
		E567E18C250DBB1700FB1A42 /* View */ = {
			isa = PBXGroup;
			children = (
				E567E196250DBD7800FB1A42 /* APODViewController.swift */,
				E567E198250DC09E00FB1A42 /* APODContentView.swift */,
			);
			path = View;
			sourceTree = "<group>";
		};
		E567E18D250DBB3D00FB1A42 /* Initializate */ = {
			isa = PBXGroup;
			children = (
				E5DE780C250D6FB300E9CC36 /* AppDelegate.swift */,
				E5DE780E250D6FB300E9CC36 /* SceneDelegate.swift */,
				E5DE7817250D6FB700E9CC36 /* LaunchScreen.storyboard */,
			);
			path = Initializate;
			sourceTree = "<group>";
		};
		E567E19A250DCDCA00FB1A42 /* Theme */ = {
			isa = PBXGroup;
			children = (
				E567E19B250DD52B00FB1A42 /* Theme.swift */,
			);
			path = Theme;
			sourceTree = "<group>";
		};
		E567E19D250DDE9B00FB1A42 /* Utils */ = {
			isa = PBXGroup;
			children = (
				E543F7B0250EC61D001525B9 /* Cards */,
				E567E19E250DDEEB00FB1A42 /* Buttons */,
			);
			path = Utils;
			sourceTree = "<group>";
		};
		E567E19E250DDEEB00FB1A42 /* Buttons */ = {
			isa = PBXGroup;
			children = (
			);
			path = Buttons;
			sourceTree = "<group>";
		};
		E5DE7800250D6FB300E9CC36 = {
			isa = PBXGroup;
			children = (
				E5DE780B250D6FB300E9CC36 /* Nasa API */,
				E5DE7822250D6FB700E9CC36 /* Nasa APITests */,
				E5DE780A250D6FB300E9CC36 /* Products */,
			);
			sourceTree = "<group>";
		};
		E5DE780A250D6FB300E9CC36 /* Products */ = {
			isa = PBXGroup;
			children = (
				E5DE7809250D6FB300E9CC36 /* Nasa API Dev.app */,
				E5DE781F250D6FB700E9CC36 /* Nasa APITests.xctest */,
			);
			name = Products;
			sourceTree = "<group>";
		};
		E5DE780B250D6FB300E9CC36 /* Nasa API */ = {
			isa = PBXGroup;
			children = (
				E5DE781A250D6FB700E9CC36 /* Info.plist */,
				E5DE7815250D6FB700E9CC36 /* Assets.xcassets */,
				E567E15D250DB2CC00FB1A42 /* Assets */,
				E567E157250DA60100FB1A42 /* Domains */,
				E567E145250D8C7D00FB1A42 /* EnvironmentConfig */,
				E567E18D250DBB3D00FB1A42 /* Initializate */,
				E5DE7839250D714900E9CC36 /* Logger */,
				E567E185250DBA7B00FB1A42 /* Modules */,
				E5DE782E250D707B00E9CC36 /* Networking */,
				E567E19D250DDE9B00FB1A42 /* Utils */,
			);
			path = "Nasa API";
			sourceTree = "<group>";
		};
		E5DE7822250D6FB700E9CC36 /* Nasa APITests */ = {
			isa = PBXGroup;
			children = (
				E5DE7823250D6FB700E9CC36 /* Nasa_APITests.swift */,
				E5DE7825250D6FB700E9CC36 /* Info.plist */,
			);
			path = "Nasa APITests";
			sourceTree = "<group>";
		};
		E5DE782E250D707B00E9CC36 /* Networking */ = {
			isa = PBXGroup;
			children = (
				E567E14F250DA56E00FB1A42 /* BrowseAPIs */,
				E5DE783C250D719A00E9CC36 /* Manager */,
				E5DE7832250D70E700E9CC36 /* Service */,
				E5DE782F250D70A100E9CC36 /* Errors */,
			);
			path = Networking;
			sourceTree = "<group>";
		};
		E5DE782F250D70A100E9CC36 /* Errors */ = {
			isa = PBXGroup;
			children = (
				E5DE7830250D70C700E9CC36 /* ErrorNetwoking.swift */,
			);
			path = Errors;
			sourceTree = "<group>";
		};
		E5DE7832250D70E700E9CC36 /* Service */ = {
			isa = PBXGroup;
			children = (
				E5DE7833250D70FA00E9CC36 /* EndPointType.swift */,
				E5DE7835250D711200E9CC36 /* HTTPMethod.swift */,
				E5DE7837250D712E00E9CC36 /* NetworkingRouter.swift */,
			);
			path = Service;
			sourceTree = "<group>";
		};
		E5DE7839250D714900E9CC36 /* Logger */ = {
			isa = PBXGroup;
			children = (
				E5DE783A250D715700E9CC36 /* NetworkingLogger.swift */,
				E567E14B250D93B300FB1A42 /* LoggerProtocol.swift */,
				E567E14D250D94EF00FB1A42 /* Logger.swift */,
			);
			path = Logger;
			sourceTree = "<group>";
		};
		E5DE783C250D719A00E9CC36 /* Manager */ = {
			isa = PBXGroup;
			children = (
				E5DE783D250D71B000E9CC36 /* DefaultNetworkManager.swift */,
			);
			path = Manager;
			sourceTree = "<group>";
		};
/* End PBXGroup section */

/* Begin PBXNativeTarget section */
		E5DE7808250D6FB300E9CC36 /* Nasa API */ = {
			isa = PBXNativeTarget;
			buildConfigurationList = E5DE7828250D6FB800E9CC36 /* Build configuration list for PBXNativeTarget "Nasa API" */;
			buildPhases = (
				E5DE7805250D6FB300E9CC36 /* Sources */,
				E5DE7806250D6FB300E9CC36 /* Frameworks */,
				E5DE7807250D6FB300E9CC36 /* Resources */,
			);
			buildRules = (
			);
			dependencies = (
			);
			name = "Nasa API";
			productName = "Nasa API";
			productReference = E5DE7809250D6FB300E9CC36 /* Nasa API Dev.app */;
			productType = "com.apple.product-type.application";
		};
		E5DE781E250D6FB700E9CC36 /* Nasa APITests */ = {
			isa = PBXNativeTarget;
			buildConfigurationList = E5DE782B250D6FB800E9CC36 /* Build configuration list for PBXNativeTarget "Nasa APITests" */;
			buildPhases = (
				E5DE781B250D6FB700E9CC36 /* Sources */,
				E5DE781C250D6FB700E9CC36 /* Frameworks */,
				E5DE781D250D6FB700E9CC36 /* Resources */,
			);
			buildRules = (
			);
			dependencies = (
				E5DE7821250D6FB700E9CC36 /* PBXTargetDependency */,
			);
			name = "Nasa APITests";
			productName = "Nasa APITests";
			productReference = E5DE781F250D6FB700E9CC36 /* Nasa APITests.xctest */;
			productType = "com.apple.product-type.bundle.unit-test";
		};
/* End PBXNativeTarget section */

/* Begin PBXProject section */
		E5DE7801250D6FB300E9CC36 /* Project object */ = {
			isa = PBXProject;
			attributes = {
				LastSwiftUpdateCheck = 1170;
				LastUpgradeCheck = 1170;
				ORGANIZATIONNAME = "Pedro Ramos";
				TargetAttributes = {
					E5DE7808250D6FB300E9CC36 = {
						CreatedOnToolsVersion = 11.7;
					};
					E5DE781E250D6FB700E9CC36 = {
						CreatedOnToolsVersion = 11.7;
						TestTargetID = E5DE7808250D6FB300E9CC36;
					};
				};
			};
			buildConfigurationList = E5DE7804250D6FB300E9CC36 /* Build configuration list for PBXProject "Nasa API" */;
			compatibilityVersion = "Xcode 9.3";
			developmentRegion = en;
			hasScannedForEncodings = 0;
			knownRegions = (
				en,
				Base,
			);
			mainGroup = E5DE7800250D6FB300E9CC36;
			productRefGroup = E5DE780A250D6FB300E9CC36 /* Products */;
			projectDirPath = "";
			projectRoot = "";
			targets = (
				E5DE7808250D6FB300E9CC36 /* Nasa API */,
				E5DE781E250D6FB700E9CC36 /* Nasa APITests */,
			);
		};
/* End PBXProject section */

/* Begin PBXResourcesBuildPhase section */
		E5DE7807250D6FB300E9CC36 /* Resources */ = {
			isa = PBXResourcesBuildPhase;
			buildActionMask = 2147483647;
			files = (
				E567E17F250DB34100FB1A42 /* Metropolis-ThinItalic.otf in Resources */,
				E567E178250DB34100FB1A42 /* Metropolis-Black.otf in Resources */,
				E5DE7819250D6FB700E9CC36 /* LaunchScreen.storyboard in Resources */,
				E567E179250DB34100FB1A42 /* Metropolis-Bold.otf in Resources */,
				E567E180250DB34100FB1A42 /* Metropolis-ExtraBoldItalic.otf in Resources */,
				E567E17A250DB34100FB1A42 /* Metropolis-RegularItalic.otf in Resources */,
				E5DE7816250D6FB700E9CC36 /* Assets.xcassets in Resources */,
				E567E17C250DB34100FB1A42 /* Metropolis-BoldItalic.otf in Resources */,
				E567E17E250DB34100FB1A42 /* Metropolis-ExtraBold.otf in Resources */,
				E567E171250DB34100FB1A42 /* Metropolis-Regular.otf in Resources */,
				E567E182250DB34100FB1A42 /* Metropolis-BlackItalic.otf in Resources */,
				E567E17D250DB34100FB1A42 /* Metropolis-ExtraLight.otf in Resources */,
				E567E172250DB34100FB1A42 /* Metropolis-Medium.otf in Resources */,
				E567E175250DB34100FB1A42 /* Metropolis-SemiBoldItalic.otf in Resources */,
				E567E181250DB34100FB1A42 /* Metropolis-Light.otf in Resources */,
				E567E177250DB34100FB1A42 /* Metropolis-SemiBold.otf in Resources */,
				E567E176250DB34100FB1A42 /* Metropolis-MediumItalic.otf in Resources */,
				E567E174250DB34100FB1A42 /* Metropolis-LightItalic.otf in Resources */,
				E567E17B250DB34100FB1A42 /* Metropolis-Thin.otf in Resources */,
				E567E173250DB34100FB1A42 /* Metropolis-ExtraLightItalic.otf in Resources */,
			);
			runOnlyForDeploymentPostprocessing = 0;
		};
		E5DE781D250D6FB700E9CC36 /* Resources */ = {
			isa = PBXResourcesBuildPhase;
			buildActionMask = 2147483647;
			files = (
			);
			runOnlyForDeploymentPostprocessing = 0;
		};
/* End PBXResourcesBuildPhase section */

/* Begin PBXSourcesBuildPhase section */
		E5DE7805250D6FB300E9CC36 /* Sources */ = {
			isa = PBXSourcesBuildPhase;
			buildActionMask = 2147483647;
			files = (
				E5DE780D250D6FB300E9CC36 /* AppDelegate.swift in Sources */,
				E567E152250DA5B500FB1A42 /* NetworkingAPODApi.swift in Sources */,
				E567E14C250D93B300FB1A42 /* LoggerProtocol.swift in Sources */,
				E567E154250DA5CD00FB1A42 /* NetworkingAPODAdapter.swift in Sources */,
				E5DE7836250D711200E9CC36 /* HTTPMethod.swift in Sources */,
				E567E191250DBC7800FB1A42 /* APODInteractor.swift in Sources */,
				E567E199250DC09E00FB1A42 /* APODContentView.swift in Sources */,
				E5DE7838250D712E00E9CC36 /* NetworkingRouter.swift in Sources */,
				E5DE780F250D6FB300E9CC36 /* SceneDelegate.swift in Sources */,
				E567E19C250DD52B00FB1A42 /* Theme.swift in Sources */,
				E5C6F412250EEB3E000EC6D2 /* CLForm.swift in Sources */,
				E567E14A250D905B00FB1A42 /* BuildConfiguration.swift in Sources */,
				E567E15C250DAF3E00FB1A42 /* EntityMediaType.swift in Sources */,
				E567E14E250D94EF00FB1A42 /* Logger.swift in Sources */,
				E5DE783E250D71B000E9CC36 /* DefaultNetworkManager.swift in Sources */,
				E5DE7834250D70FA00E9CC36 /* EndPointType.swift in Sources */,
				E567E18F250DBB8200FB1A42 /* APODProtocols.swift in Sources */,
				E567E159250DACD400FB1A42 /* EntityAPOD.swift in Sources */,
				E567E197250DBD7800FB1A42 /* APODViewController.swift in Sources */,
				E567E156250DA5F300FB1A42 /* NetworkingAPODProtocols.swift in Sources */,
				E567E184250DB37400FB1A42 /* FontFactory.swift in Sources */,
				E543F7B2250EC638001525B9 /* CLCard.swift in Sources */,
				E567E195250DBCE600FB1A42 /* APODRouter.swift in Sources */,
				E5DE7831250D70C700E9CC36 /* ErrorNetwoking.swift in Sources */,
				E567E193250DBC9800FB1A42 /* APODPresenter.swift in Sources */,
				E5DE783B250D715700E9CC36 /* NetworkingLogger.swift in Sources */,
			);
			runOnlyForDeploymentPostprocessing = 0;
		};
		E5DE781B250D6FB700E9CC36 /* Sources */ = {
			isa = PBXSourcesBuildPhase;
			buildActionMask = 2147483647;
			files = (
				E5DE7824250D6FB700E9CC36 /* Nasa_APITests.swift in Sources */,
			);
			runOnlyForDeploymentPostprocessing = 0;
		};
/* End PBXSourcesBuildPhase section */

/* Begin PBXTargetDependency section */
		E5DE7821250D6FB700E9CC36 /* PBXTargetDependency */ = {
			isa = PBXTargetDependency;
			target = E5DE7808250D6FB300E9CC36 /* Nasa API */;
			targetProxy = E5DE7820250D6FB700E9CC36 /* PBXContainerItemProxy */;
		};
/* End PBXTargetDependency section */

/* Begin PBXVariantGroup section */
		E5DE7817250D6FB700E9CC36 /* LaunchScreen.storyboard */ = {
			isa = PBXVariantGroup;
			children = (
				E5DE7818250D6FB700E9CC36 /* Base */,
			);
			name = LaunchScreen.storyboard;
			sourceTree = "<group>";
		};
/* End PBXVariantGroup section */

/* Begin XCBuildConfiguration section */
		E567E142250D8B0900FB1A42 /* Staging */ = {
			isa = XCBuildConfiguration;
			baseConfigurationReference = E567E147250D8F7200FB1A42 /* Staging.xcconfig */;
			buildSettings = {
				ALWAYS_SEARCH_USER_PATHS = NO;
				CLANG_ANALYZER_NONNULL = YES;
				CLANG_ANALYZER_NUMBER_OBJECT_CONVERSION = YES_AGGRESSIVE;
				CLANG_CXX_LANGUAGE_STANDARD = "gnu++14";
				CLANG_CXX_LIBRARY = "libc++";
				CLANG_ENABLE_MODULES = YES;
				CLANG_ENABLE_OBJC_ARC = YES;
				CLANG_ENABLE_OBJC_WEAK = YES;
				CLANG_WARN_BLOCK_CAPTURE_AUTORELEASING = YES;
				CLANG_WARN_BOOL_CONVERSION = YES;
				CLANG_WARN_COMMA = YES;
				CLANG_WARN_CONSTANT_CONVERSION = YES;
				CLANG_WARN_DEPRECATED_OBJC_IMPLEMENTATIONS = YES;
				CLANG_WARN_DIRECT_OBJC_ISA_USAGE = YES_ERROR;
				CLANG_WARN_DOCUMENTATION_COMMENTS = YES;
				CLANG_WARN_EMPTY_BODY = YES;
				CLANG_WARN_ENUM_CONVERSION = YES;
				CLANG_WARN_INFINITE_RECURSION = YES;
				CLANG_WARN_INT_CONVERSION = YES;
				CLANG_WARN_NON_LITERAL_NULL_CONVERSION = YES;
				CLANG_WARN_OBJC_IMPLICIT_RETAIN_SELF = YES;
				CLANG_WARN_OBJC_LITERAL_CONVERSION = YES;
				CLANG_WARN_OBJC_ROOT_CLASS = YES_ERROR;
				CLANG_WARN_RANGE_LOOP_ANALYSIS = YES;
				CLANG_WARN_STRICT_PROTOTYPES = YES;
				CLANG_WARN_SUSPICIOUS_MOVE = YES;
				CLANG_WARN_UNGUARDED_AVAILABILITY = YES_AGGRESSIVE;
				CLANG_WARN_UNREACHABLE_CODE = YES;
				CLANG_WARN__DUPLICATE_METHOD_MATCH = YES;
				COPY_PHASE_STRIP = NO;
				DEBUG_INFORMATION_FORMAT = dwarf;
				ENABLE_STRICT_OBJC_MSGSEND = YES;
				ENABLE_TESTABILITY = YES;
				GCC_C_LANGUAGE_STANDARD = gnu11;
				GCC_DYNAMIC_NO_PIC = NO;
				GCC_NO_COMMON_BLOCKS = YES;
				GCC_OPTIMIZATION_LEVEL = 0;
				GCC_PREPROCESSOR_DEFINITIONS = (
					"DEBUG=1",
					"$(inherited)",
				);
				GCC_WARN_64_TO_32_BIT_CONVERSION = YES;
				GCC_WARN_ABOUT_RETURN_TYPE = YES_ERROR;
				GCC_WARN_UNDECLARED_SELECTOR = YES;
				GCC_WARN_UNINITIALIZED_AUTOS = YES_AGGRESSIVE;
				GCC_WARN_UNUSED_FUNCTION = YES;
				GCC_WARN_UNUSED_VARIABLE = YES;
				IPHONEOS_DEPLOYMENT_TARGET = 13.7;
				MTL_ENABLE_DEBUG_INFO = INCLUDE_SOURCE;
				MTL_FAST_MATH = YES;
				ONLY_ACTIVE_ARCH = YES;
				SDKROOT = iphoneos;
				SWIFT_ACTIVE_COMPILATION_CONDITIONS = DEBUG;
				SWIFT_OPTIMIZATION_LEVEL = "-Onone";
			};
			name = Staging;
		};
		E567E143250D8B0900FB1A42 /* Staging */ = {
			isa = XCBuildConfiguration;
			buildSettings = {
				ASSETCATALOG_COMPILER_APPICON_NAME = AppIcon;
				CODE_SIGN_STYLE = Automatic;
				DEVELOPMENT_TEAM = 34Z652334Z;
				INFOPLIST_FILE = "Nasa API/Info.plist";
				LD_RUNPATH_SEARCH_PATHS = (
					"$(inherited)",
					"@executable_path/Frameworks",
				);
				PRODUCT_BUNDLE_IDENTIFIER = test.pdramoss.nasaApi.stg;
				PRODUCT_NAME = "$(TARGET_NAME) Stg";
				SWIFT_ACTIVE_COMPILATION_CONDITIONS = STG;
				SWIFT_VERSION = 5.0;
				TARGETED_DEVICE_FAMILY = "1,2";
			};
			name = Staging;
		};
		E567E144250D8B0900FB1A42 /* Staging */ = {
			isa = XCBuildConfiguration;
			buildSettings = {
				ALWAYS_EMBED_SWIFT_STANDARD_LIBRARIES = YES;
				BUNDLE_LOADER = "$(TEST_HOST)";
				CODE_SIGN_STYLE = Automatic;
				DEVELOPMENT_TEAM = 34Z652334Z;
				INFOPLIST_FILE = "Nasa APITests/Info.plist";
				IPHONEOS_DEPLOYMENT_TARGET = 13.7;
				LD_RUNPATH_SEARCH_PATHS = (
					"$(inherited)",
					"@executable_path/Frameworks",
					"@loader_path/Frameworks",
				);
				PRODUCT_BUNDLE_IDENTIFIER = "test.pdramoss.Nasa-APITests";
				PRODUCT_NAME = "$(TARGET_NAME)";
				SWIFT_VERSION = 5.0;
				TARGETED_DEVICE_FAMILY = "1,2";
				TEST_HOST = "$(BUILT_PRODUCTS_DIR)/Nasa API.app/Nasa API";
			};
			name = Staging;
		};
		E5DE7826250D6FB800E9CC36 /* Development */ = {
			isa = XCBuildConfiguration;
			baseConfigurationReference = E567E146250D8F5E00FB1A42 /* Development.xcconfig */;
			buildSettings = {
				ALWAYS_SEARCH_USER_PATHS = NO;
				CLANG_ANALYZER_NONNULL = YES;
				CLANG_ANALYZER_NUMBER_OBJECT_CONVERSION = YES_AGGRESSIVE;
				CLANG_CXX_LANGUAGE_STANDARD = "gnu++14";
				CLANG_CXX_LIBRARY = "libc++";
				CLANG_ENABLE_MODULES = YES;
				CLANG_ENABLE_OBJC_ARC = YES;
				CLANG_ENABLE_OBJC_WEAK = YES;
				CLANG_WARN_BLOCK_CAPTURE_AUTORELEASING = YES;
				CLANG_WARN_BOOL_CONVERSION = YES;
				CLANG_WARN_COMMA = YES;
				CLANG_WARN_CONSTANT_CONVERSION = YES;
				CLANG_WARN_DEPRECATED_OBJC_IMPLEMENTATIONS = YES;
				CLANG_WARN_DIRECT_OBJC_ISA_USAGE = YES_ERROR;
				CLANG_WARN_DOCUMENTATION_COMMENTS = YES;
				CLANG_WARN_EMPTY_BODY = YES;
				CLANG_WARN_ENUM_CONVERSION = YES;
				CLANG_WARN_INFINITE_RECURSION = YES;
				CLANG_WARN_INT_CONVERSION = YES;
				CLANG_WARN_NON_LITERAL_NULL_CONVERSION = YES;
				CLANG_WARN_OBJC_IMPLICIT_RETAIN_SELF = YES;
				CLANG_WARN_OBJC_LITERAL_CONVERSION = YES;
				CLANG_WARN_OBJC_ROOT_CLASS = YES_ERROR;
				CLANG_WARN_RANGE_LOOP_ANALYSIS = YES;
				CLANG_WARN_STRICT_PROTOTYPES = YES;
				CLANG_WARN_SUSPICIOUS_MOVE = YES;
				CLANG_WARN_UNGUARDED_AVAILABILITY = YES_AGGRESSIVE;
				CLANG_WARN_UNREACHABLE_CODE = YES;
				CLANG_WARN__DUPLICATE_METHOD_MATCH = YES;
				COPY_PHASE_STRIP = NO;
				DEBUG_INFORMATION_FORMAT = dwarf;
				ENABLE_STRICT_OBJC_MSGSEND = YES;
				ENABLE_TESTABILITY = YES;
				GCC_C_LANGUAGE_STANDARD = gnu11;
				GCC_DYNAMIC_NO_PIC = NO;
				GCC_NO_COMMON_BLOCKS = YES;
				GCC_OPTIMIZATION_LEVEL = 0;
				GCC_PREPROCESSOR_DEFINITIONS = (
					"DEBUG=1",
					"$(inherited)",
				);
				GCC_WARN_64_TO_32_BIT_CONVERSION = YES;
				GCC_WARN_ABOUT_RETURN_TYPE = YES_ERROR;
				GCC_WARN_UNDECLARED_SELECTOR = YES;
				GCC_WARN_UNINITIALIZED_AUTOS = YES_AGGRESSIVE;
				GCC_WARN_UNUSED_FUNCTION = YES;
				GCC_WARN_UNUSED_VARIABLE = YES;
				IPHONEOS_DEPLOYMENT_TARGET = 13.7;
				MTL_ENABLE_DEBUG_INFO = INCLUDE_SOURCE;
				MTL_FAST_MATH = YES;
				ONLY_ACTIVE_ARCH = YES;
				SDKROOT = iphoneos;
				SWIFT_ACTIVE_COMPILATION_CONDITIONS = DEBUG;
				SWIFT_OPTIMIZATION_LEVEL = "-Onone";
			};
			name = Development;
		};
		E5DE7827250D6FB800E9CC36 /* Production */ = {
			isa = XCBuildConfiguration;
			baseConfigurationReference = E567E148250D8F8100FB1A42 /* Production.xcconfig */;
			buildSettings = {
				ALWAYS_SEARCH_USER_PATHS = NO;
				CLANG_ANALYZER_NONNULL = YES;
				CLANG_ANALYZER_NUMBER_OBJECT_CONVERSION = YES_AGGRESSIVE;
				CLANG_CXX_LANGUAGE_STANDARD = "gnu++14";
				CLANG_CXX_LIBRARY = "libc++";
				CLANG_ENABLE_MODULES = YES;
				CLANG_ENABLE_OBJC_ARC = YES;
				CLANG_ENABLE_OBJC_WEAK = YES;
				CLANG_WARN_BLOCK_CAPTURE_AUTORELEASING = YES;
				CLANG_WARN_BOOL_CONVERSION = YES;
				CLANG_WARN_COMMA = YES;
				CLANG_WARN_CONSTANT_CONVERSION = YES;
				CLANG_WARN_DEPRECATED_OBJC_IMPLEMENTATIONS = YES;
				CLANG_WARN_DIRECT_OBJC_ISA_USAGE = YES_ERROR;
				CLANG_WARN_DOCUMENTATION_COMMENTS = YES;
				CLANG_WARN_EMPTY_BODY = YES;
				CLANG_WARN_ENUM_CONVERSION = YES;
				CLANG_WARN_INFINITE_RECURSION = YES;
				CLANG_WARN_INT_CONVERSION = YES;
				CLANG_WARN_NON_LITERAL_NULL_CONVERSION = YES;
				CLANG_WARN_OBJC_IMPLICIT_RETAIN_SELF = YES;
				CLANG_WARN_OBJC_LITERAL_CONVERSION = YES;
				CLANG_WARN_OBJC_ROOT_CLASS = YES_ERROR;
				CLANG_WARN_RANGE_LOOP_ANALYSIS = YES;
				CLANG_WARN_STRICT_PROTOTYPES = YES;
				CLANG_WARN_SUSPICIOUS_MOVE = YES;
				CLANG_WARN_UNGUARDED_AVAILABILITY = YES_AGGRESSIVE;
				CLANG_WARN_UNREACHABLE_CODE = YES;
				CLANG_WARN__DUPLICATE_METHOD_MATCH = YES;
				COPY_PHASE_STRIP = NO;
				DEBUG_INFORMATION_FORMAT = "dwarf-with-dsym";
				ENABLE_NS_ASSERTIONS = NO;
				ENABLE_STRICT_OBJC_MSGSEND = YES;
				GCC_C_LANGUAGE_STANDARD = gnu11;
				GCC_NO_COMMON_BLOCKS = YES;
				GCC_WARN_64_TO_32_BIT_CONVERSION = YES;
				GCC_WARN_ABOUT_RETURN_TYPE = YES_ERROR;
				GCC_WARN_UNDECLARED_SELECTOR = YES;
				GCC_WARN_UNINITIALIZED_AUTOS = YES_AGGRESSIVE;
				GCC_WARN_UNUSED_FUNCTION = YES;
				GCC_WARN_UNUSED_VARIABLE = YES;
				IPHONEOS_DEPLOYMENT_TARGET = 13.7;
				MTL_ENABLE_DEBUG_INFO = NO;
				MTL_FAST_MATH = YES;
				SDKROOT = iphoneos;
				SWIFT_COMPILATION_MODE = wholemodule;
				SWIFT_OPTIMIZATION_LEVEL = "-O";
				VALIDATE_PRODUCT = YES;
			};
			name = Production;
		};
		E5DE7829250D6FB800E9CC36 /* Development */ = {
			isa = XCBuildConfiguration;
			buildSettings = {
				ASSETCATALOG_COMPILER_APPICON_NAME = AppIcon;
				CODE_SIGN_STYLE = Automatic;
				DEVELOPMENT_TEAM = 34Z652334Z;
				INFOPLIST_FILE = "Nasa API/Info.plist";
				LD_RUNPATH_SEARCH_PATHS = (
					"$(inherited)",
					"@executable_path/Frameworks",
				);
				PRODUCT_BUNDLE_IDENTIFIER = test.pdramoss.nasaApi.dev;
				PRODUCT_NAME = "$(TARGET_NAME) Dev";
				SWIFT_ACTIVE_COMPILATION_CONDITIONS = DEV;
				SWIFT_VERSION = 5.0;
				TARGETED_DEVICE_FAMILY = "1,2";
			};
			name = Development;
		};
		E5DE782A250D6FB800E9CC36 /* Production */ = {
			isa = XCBuildConfiguration;
			buildSettings = {
				ASSETCATALOG_COMPILER_APPICON_NAME = AppIcon;
				CODE_SIGN_STYLE = Automatic;
				DEVELOPMENT_TEAM = 34Z652334Z;
				INFOPLIST_FILE = "Nasa API/Info.plist";
				LD_RUNPATH_SEARCH_PATHS = (
					"$(inherited)",
					"@executable_path/Frameworks",
				);
				PRODUCT_BUNDLE_IDENTIFIER = test.pdramoss.nasaApi;
				PRODUCT_NAME = "$(TARGET_NAME) Prod";
				SWIFT_ACTIVE_COMPILATION_CONDITIONS = PROD;
				SWIFT_VERSION = 5.0;
				TARGETED_DEVICE_FAMILY = "1,2";
			};
			name = Production;
		};
		E5DE782C250D6FB800E9CC36 /* Development */ = {
			isa = XCBuildConfiguration;
			buildSettings = {
				ALWAYS_EMBED_SWIFT_STANDARD_LIBRARIES = YES;
				BUNDLE_LOADER = "$(TEST_HOST)";
				CODE_SIGN_STYLE = Automatic;
				DEVELOPMENT_TEAM = 34Z652334Z;
				INFOPLIST_FILE = "Nasa APITests/Info.plist";
				IPHONEOS_DEPLOYMENT_TARGET = 13.7;
				LD_RUNPATH_SEARCH_PATHS = (
					"$(inherited)",
					"@executable_path/Frameworks",
					"@loader_path/Frameworks",
				);
				PRODUCT_BUNDLE_IDENTIFIER = "test.pdramoss.Nasa-APITests";
				PRODUCT_NAME = "$(TARGET_NAME)";
				SWIFT_VERSION = 5.0;
				TARGETED_DEVICE_FAMILY = "1,2";
				TEST_HOST = "$(BUILT_PRODUCTS_DIR)/Nasa API.app/Nasa API";
			};
			name = Development;
		};
		E5DE782D250D6FB800E9CC36 /* Production */ = {
			isa = XCBuildConfiguration;
			buildSettings = {
				ALWAYS_EMBED_SWIFT_STANDARD_LIBRARIES = YES;
				BUNDLE_LOADER = "$(TEST_HOST)";
				CODE_SIGN_STYLE = Automatic;
				DEVELOPMENT_TEAM = 34Z652334Z;
				INFOPLIST_FILE = "Nasa APITests/Info.plist";
				IPHONEOS_DEPLOYMENT_TARGET = 13.7;
				LD_RUNPATH_SEARCH_PATHS = (
					"$(inherited)",
					"@executable_path/Frameworks",
					"@loader_path/Frameworks",
				);
				PRODUCT_BUNDLE_IDENTIFIER = "test.pdramoss.Nasa-APITests";
				PRODUCT_NAME = "$(TARGET_NAME)";
				SWIFT_VERSION = 5.0;
				TARGETED_DEVICE_FAMILY = "1,2";
				TEST_HOST = "$(BUILT_PRODUCTS_DIR)/Nasa API.app/Nasa API";
			};
			name = Production;
		};
/* End XCBuildConfiguration section */

/* Begin XCConfigurationList section */
		E5DE7804250D6FB300E9CC36 /* Build configuration list for PBXProject "Nasa API" */ = {
			isa = XCConfigurationList;
			buildConfigurations = (
				E5DE7826250D6FB800E9CC36 /* Development */,
				E567E142250D8B0900FB1A42 /* Staging */,
				E5DE7827250D6FB800E9CC36 /* Production */,
			);
			defaultConfigurationIsVisible = 0;
			defaultConfigurationName = Development;
		};
		E5DE7828250D6FB800E9CC36 /* Build configuration list for PBXNativeTarget "Nasa API" */ = {
			isa = XCConfigurationList;
			buildConfigurations = (
				E5DE7829250D6FB800E9CC36 /* Development */,
				E567E143250D8B0900FB1A42 /* Staging */,
				E5DE782A250D6FB800E9CC36 /* Production */,
			);
			defaultConfigurationIsVisible = 0;
			defaultConfigurationName = Development;
		};
		E5DE782B250D6FB800E9CC36 /* Build configuration list for PBXNativeTarget "Nasa APITests" */ = {
			isa = XCConfigurationList;
			buildConfigurations = (
				E5DE782C250D6FB800E9CC36 /* Development */,
				E567E144250D8B0900FB1A42 /* Staging */,
				E5DE782D250D6FB800E9CC36 /* Production */,
			);
			defaultConfigurationIsVisible = 0;
			defaultConfigurationName = Development;
		};
/* End XCConfigurationList section */
	};
	rootObject = E5DE7801250D6FB300E9CC36 /* Project object */;
}
